// !$*UTF8*$!
{
	archiveVersion = 1;
	classes = {
	};
	objectVersion = 50;
	objects = {

/* Begin PBXBuildFile section */
		7A11F489261ADB83001B78F9 /* AppDelegate.swift in Sources */ = {isa = PBXBuildFile; fileRef = 7A11F488261ADB83001B78F9 /* AppDelegate.swift */; };
		7A11F48B261ADB83001B78F9 /* SceneDelegate.swift in Sources */ = {isa = PBXBuildFile; fileRef = 7A11F48A261ADB83001B78F9 /* SceneDelegate.swift */; };
		7A11F48D261ADB83001B78F9 /* TopQuestionView.swift in Sources */ = {isa = PBXBuildFile; fileRef = 7A11F48C261ADB83001B78F9 /* TopQuestionView.swift */; };
		7A11F48F261ADB84001B78F9 /* Assets.xcassets in Resources */ = {isa = PBXBuildFile; fileRef = 7A11F48E261ADB84001B78F9 /* Assets.xcassets */; };
		7A11F492261ADB84001B78F9 /* Preview Assets.xcassets in Resources */ = {isa = PBXBuildFile; fileRef = 7A11F491261ADB84001B78F9 /* Preview Assets.xcassets */; };
		7A11F495261ADB84001B78F9 /* LaunchScreen.storyboard in Resources */ = {isa = PBXBuildFile; fileRef = 7A11F493261ADB84001B78F9 /* LaunchScreen.storyboard */; };
		7A11F4A0261ADBA9001B78F9 /* NetworkController.swift in Sources */ = {isa = PBXBuildFile; fileRef = 7A11F49F261ADBA9001B78F9 /* NetworkController.swift */; };
		7A11F4A3261ADBB4001B78F9 /* DataModel.swift in Sources */ = {isa = PBXBuildFile; fileRef = 7A11F4A2261ADBB4001B78F9 /* DataModel.swift */; };
		7A11F4A8261AE37C001B78F9 /* APIResource.swift in Sources */ = {isa = PBXBuildFile; fileRef = 7A11F4A7261AE37C001B78F9 /* APIResource.swift */; };
		7A11F4B0261AEA6B001B78F9 /* QuestionsDataModel.swift in Sources */ = {isa = PBXBuildFile; fileRef = 7A11F4AF261AEA6B001B78F9 /* QuestionsDataModel.swift */; };
		7A11F4B3261AEB3C001B78F9 /* Formatting.swift in Sources */ = {isa = PBXBuildFile; fileRef = 7A11F4B2261AEB3C001B78F9 /* Formatting.swift */; };
		7A11F4B7261AEBAC001B78F9 /* QuestionView.swift in Sources */ = {isa = PBXBuildFile; fileRef = 7A11F4B6261AEBAC001B78F9 /* QuestionView.swift */; };
		7A11F4BA261AEC1E001B78F9 /* Questions.json in Resources */ = {isa = PBXBuildFile; fileRef = 7A11F4B9261AEC1E001B78F9 /* Questions.json */; };
		7A11F4C0261AEFD4001B78F9 /* TestData.swift in Sources */ = {isa = PBXBuildFile; fileRef = 7A11F4BF261AEFD4001B78F9 /* TestData.swift */; };
		7A11F4C6261AF02D001B78F9 /* ContentView.swift in Sources */ = {isa = PBXBuildFile; fileRef = 7A11F4C5261AF02D001B78F9 /* ContentView.swift */; };
/* End PBXBuildFile section */

/* Begin PBXFileReference section */
		7A11F485261ADB83001B78F9 /* StackExchange.app */ = {isa = PBXFileReference; explicitFileType = wrapper.application; includeInIndex = 0; path = StackExchange.app; sourceTree = BUILT_PRODUCTS_DIR; };
		7A11F488261ADB83001B78F9 /* AppDelegate.swift */ = {isa = PBXFileReference; lastKnownFileType = sourcecode.swift; path = AppDelegate.swift; sourceTree = "<group>"; };
		7A11F48A261ADB83001B78F9 /* SceneDelegate.swift */ = {isa = PBXFileReference; lastKnownFileType = sourcecode.swift; path = SceneDelegate.swift; sourceTree = "<group>"; };
		7A11F48C261ADB83001B78F9 /* TopQuestionView.swift */ = {isa = PBXFileReference; lastKnownFileType = sourcecode.swift; path = TopQuestionView.swift; sourceTree = "<group>"; };
		7A11F48E261ADB84001B78F9 /* Assets.xcassets */ = {isa = PBXFileReference; lastKnownFileType = folder.assetcatalog; path = Assets.xcassets; sourceTree = "<group>"; };
		7A11F491261ADB84001B78F9 /* Preview Assets.xcassets */ = {isa = PBXFileReference; lastKnownFileType = folder.assetcatalog; path = "Preview Assets.xcassets"; sourceTree = "<group>"; };
		7A11F494261ADB84001B78F9 /* Base */ = {isa = PBXFileReference; lastKnownFileType = file.storyboard; name = Base; path = Base.lproj/LaunchScreen.storyboard; sourceTree = "<group>"; };
		7A11F496261ADB84001B78F9 /* Info.plist */ = {isa = PBXFileReference; lastKnownFileType = text.plist.xml; path = Info.plist; sourceTree = "<group>"; };
		7A11F49F261ADBA9001B78F9 /* NetworkController.swift */ = {isa = PBXFileReference; lastKnownFileType = sourcecode.swift; path = NetworkController.swift; sourceTree = "<group>"; };
		7A11F4A2261ADBB4001B78F9 /* DataModel.swift */ = {isa = PBXFileReference; lastKnownFileType = sourcecode.swift; path = DataModel.swift; sourceTree = "<group>"; };
		7A11F4A7261AE37C001B78F9 /* APIResource.swift */ = {isa = PBXFileReference; lastKnownFileType = sourcecode.swift; path = APIResource.swift; sourceTree = "<group>"; };
		7A11F4AF261AEA6B001B78F9 /* QuestionsDataModel.swift */ = {isa = PBXFileReference; lastKnownFileType = sourcecode.swift; path = QuestionsDataModel.swift; sourceTree = "<group>"; };
		7A11F4B2261AEB3C001B78F9 /* Formatting.swift */ = {isa = PBXFileReference; lastKnownFileType = sourcecode.swift; path = Formatting.swift; sourceTree = "<group>"; };
		7A11F4B6261AEBAC001B78F9 /* QuestionView.swift */ = {isa = PBXFileReference; lastKnownFileType = sourcecode.swift; path = QuestionView.swift; sourceTree = "<group>"; };
		7A11F4B9261AEC1E001B78F9 /* Questions.json */ = {isa = PBXFileReference; fileEncoding = 4; lastKnownFileType = text.json; path = Questions.json; sourceTree = "<group>"; };
		7A11F4BF261AEFD4001B78F9 /* TestData.swift */ = {isa = PBXFileReference; lastKnownFileType = sourcecode.swift; path = TestData.swift; sourceTree = "<group>"; };
		7A11F4C5261AF02D001B78F9 /* ContentView.swift */ = {isa = PBXFileReference; lastKnownFileType = sourcecode.swift; path = ContentView.swift; sourceTree = "<group>"; };
/* End PBXFileReference section */

/* Begin PBXFrameworksBuildPhase section */
		7A11F482261ADB83001B78F9 /* Frameworks */ = {
			isa = PBXFrameworksBuildPhase;
			buildActionMask = 2147483647;
			files = (
			);
			runOnlyForDeploymentPostprocessing = 0;
		};
/* End PBXFrameworksBuildPhase section */

/* Begin PBXGroup section */
		7A11F47C261ADB83001B78F9 = {
			isa = PBXGroup;
			children = (
				7A11F487261ADB83001B78F9 /* StackExchange */,
				7A11F486261ADB83001B78F9 /* Products */,
			);
			sourceTree = "<group>";
		};
		7A11F486261ADB83001B78F9 /* Products */ = {
			isa = PBXGroup;
			children = (
				7A11F485261ADB83001B78F9 /* StackExchange.app */,
			);
			name = Products;
			sourceTree = "<group>";
		};
		7A11F487261ADB83001B78F9 /* StackExchange */ = {
			isa = PBXGroup;
			children = (
				7A11F488261ADB83001B78F9 /* AppDelegate.swift */,
				7A11F48A261ADB83001B78F9 /* SceneDelegate.swift */,
				7A11F4B2261AEB3C001B78F9 /* Formatting.swift */,
				7A11F4C2261AEFE2001B78F9 /* TestData */,
				7A11F4A5261ADBBB001B78F9 /* Model */,
				7A11F49D261ADB92001B78F9 /* View */,
				7A11F48E261ADB84001B78F9 /* Assets.xcassets */,
				7A11F493261ADB84001B78F9 /* LaunchScreen.storyboard */,
				7A11F496261ADB84001B78F9 /* Info.plist */,
				7A11F4B9261AEC1E001B78F9 /* Questions.json */,
				7A11F490261ADB84001B78F9 /* Preview Content */,
			);
			path = StackExchange;
			sourceTree = "<group>";
		};
		7A11F490261ADB84001B78F9 /* Preview Content */ = {
			isa = PBXGroup;
			children = (
				7A11F491261ADB84001B78F9 /* Preview Assets.xcassets */,
			);
			path = "Preview Content";
			sourceTree = "<group>";
		};
		7A11F49D261ADB92001B78F9 /* View */ = {
			isa = PBXGroup;
			children = (
				7A11F4C5261AF02D001B78F9 /* ContentView.swift */,
				7A11F48C261ADB83001B78F9 /* TopQuestionView.swift */,
				7A11F4B6261AEBAC001B78F9 /* QuestionView.swift */,
			);
			path = View;
			sourceTree = "<group>";
		};
		7A11F4A5261ADBBB001B78F9 /* Model */ = {
			isa = PBXGroup;
			children = (
				7A11F4A2261ADBB4001B78F9 /* DataModel.swift */,
				7A11F4AF261AEA6B001B78F9 /* QuestionsDataModel.swift */,
				7A11F49F261ADBA9001B78F9 /* NetworkController.swift */,
				7A11F4A7261AE37C001B78F9 /* APIResource.swift */,
			);
			path = Model;
			sourceTree = "<group>";
		};
		7A11F4C2261AEFE2001B78F9 /* TestData */ = {
			isa = PBXGroup;
			children = (
				7A11F4BF261AEFD4001B78F9 /* TestData.swift */,
			);
			path = TestData;
			sourceTree = "<group>";
		};
/* End PBXGroup section */

/* Begin PBXNativeTarget section */
		7A11F484261ADB83001B78F9 /* StackExchange */ = {
			isa = PBXNativeTarget;
			buildConfigurationList = 7A11F499261ADB84001B78F9 /* Build configuration list for PBXNativeTarget "StackExchange" */;
			buildPhases = (
				7A11F481261ADB83001B78F9 /* Sources */,
				7A11F482261ADB83001B78F9 /* Frameworks */,
				7A11F483261ADB83001B78F9 /* Resources */,
			);
			buildRules = (
			);
			dependencies = (
			);
			name = StackExchange;
			productName = StackExchange;
			productReference = 7A11F485261ADB83001B78F9 /* StackExchange.app */;
			productType = "com.apple.product-type.application";
		};
/* End PBXNativeTarget section */

/* Begin PBXProject section */
		7A11F47D261ADB83001B78F9 /* Project object */ = {
			isa = PBXProject;
			attributes = {
				LastSwiftUpdateCheck = 1240;
				LastUpgradeCheck = 1240;
				TargetAttributes = {
					7A11F484261ADB83001B78F9 = {
						CreatedOnToolsVersion = 12.4;
					};
				};
			};
			buildConfigurationList = 7A11F480261ADB83001B78F9 /* Build configuration list for PBXProject "StackExchange" */;
			compatibilityVersion = "Xcode 9.3";
			developmentRegion = en;
			hasScannedForEncodings = 0;
			knownRegions = (
				en,
				Base,
			);
			mainGroup = 7A11F47C261ADB83001B78F9;
			productRefGroup = 7A11F486261ADB83001B78F9 /* Products */;
			projectDirPath = "";
			projectRoot = "";
			targets = (
				7A11F484261ADB83001B78F9 /* StackExchange */,
			);
		};
/* End PBXProject section */

/* Begin PBXResourcesBuildPhase section */
		7A11F483261ADB83001B78F9 /* Resources */ = {
			isa = PBXResourcesBuildPhase;
			buildActionMask = 2147483647;
			files = (
				7A11F495261ADB84001B78F9 /* LaunchScreen.storyboard in Resources */,
				7A11F4BA261AEC1E001B78F9 /* Questions.json in Resources */,
				7A11F492261ADB84001B78F9 /* Preview Assets.xcassets in Resources */,
				7A11F48F261ADB84001B78F9 /* Assets.xcassets in Resources */,
			);
			runOnlyForDeploymentPostprocessing = 0;
		};
/* End PBXResourcesBuildPhase section */

/* Begin PBXSourcesBuildPhase section */
		7A11F481261ADB83001B78F9 /* Sources */ = {
			isa = PBXSourcesBuildPhase;
			buildActionMask = 2147483647;
			files = (
				7A11F4A3261ADBB4001B78F9 /* DataModel.swift in Sources */,
				7A11F4C0261AEFD4001B78F9 /* TestData.swift in Sources */,
				7A11F4C6261AF02D001B78F9 /* ContentView.swift in Sources */,
				7A11F4A0261ADBA9001B78F9 /* NetworkController.swift in Sources */,
				7A11F4B7261AEBAC001B78F9 /* QuestionView.swift in Sources */,
				7A11F489261ADB83001B78F9 /* AppDelegate.swift in Sources */,
				7A11F4B3261AEB3C001B78F9 /* Formatting.swift in Sources */,
				7A11F48B261ADB83001B78F9 /* SceneDelegate.swift in Sources */,
				7A11F4B0261AEA6B001B78F9 /* QuestionsDataModel.swift in Sources */,
				7A11F4A8261AE37C001B78F9 /* APIResource.swift in Sources */,
				7A11F48D261ADB83001B78F9 /* TopQuestionView.swift in Sources */,
			);
			runOnlyForDeploymentPostprocessing = 0;
		};
/* End PBXSourcesBuildPhase section */

/* Begin PBXVariantGroup section */
		7A11F493261ADB84001B78F9 /* LaunchScreen.storyboard */ = {
			isa = PBXVariantGroup;
			children = (
				7A11F494261ADB84001B78F9 /* Base */,
			);
			name = LaunchScreen.storyboard;
			sourceTree = "<group>";
		};
/* End PBXVariantGroup section */

/* Begin XCBuildConfiguration section */
		7A11F497261ADB84001B78F9 /* Debug */ = {
			isa = XCBuildConfiguration;
			buildSettings = {
				ALWAYS_SEARCH_USER_PATHS = NO;
				CLANG_ANALYZER_NONNULL = YES;
				CLANG_ANALYZER_NUMBER_OBJECT_CONVERSION = YES_AGGRESSIVE;
				CLANG_CXX_LANGUAGE_STANDARD = "gnu++14";
				CLANG_CXX_LIBRARY = "libc++";
				CLANG_ENABLE_MODULES = YES;
				CLANG_ENABLE_OBJC_ARC = YES;
				CLANG_ENABLE_OBJC_WEAK = YES;
				CLANG_WARN_BLOCK_CAPTURE_AUTORELEASING = YES;
				CLANG_WARN_BOOL_CONVERSION = YES;
				CLANG_WARN_COMMA = YES;
				CLANG_WARN_CONSTANT_CONVERSION = YES;
				CLANG_WARN_DEPRECATED_OBJC_IMPLEMENTATIONS = YES;
				CLANG_WARN_DIRECT_OBJC_ISA_USAGE = YES_ERROR;
				CLANG_WARN_DOCUMENTATION_COMMENTS = YES;
				CLANG_WARN_EMPTY_BODY = YES;
				CLANG_WARN_ENUM_CONVERSION = YES;
				CLANG_WARN_INFINITE_RECURSION = YES;
				CLANG_WARN_INT_CONVERSION = YES;
				CLANG_WARN_NON_LITERAL_NULL_CONVERSION = YES;
				CLANG_WARN_OBJC_IMPLICIT_RETAIN_SELF = YES;
				CLANG_WARN_OBJC_LITERAL_CONVERSION = YES;
				CLANG_WARN_OBJC_ROOT_CLASS = YES_ERROR;
				CLANG_WARN_QUOTED_INCLUDE_IN_FRAMEWORK_HEADER = YES;
				CLANG_WARN_RANGE_LOOP_ANALYSIS = YES;
				CLANG_WARN_STRICT_PROTOTYPES = YES;
				CLANG_WARN_SUSPICIOUS_MOVE = YES;
				CLANG_WARN_UNGUARDED_AVAILABILITY = YES_AGGRESSIVE;
				CLANG_WARN_UNREACHABLE_CODE = YES;
				CLANG_WARN__DUPLICATE_METHOD_MATCH = YES;
				COPY_PHASE_STRIP = NO;
				DEBUG_INFORMATION_FORMAT = dwarf;
				ENABLE_STRICT_OBJC_MSGSEND = YES;
				ENABLE_TESTABILITY = YES;
				GCC_C_LANGUAGE_STANDARD = gnu11;
				GCC_DYNAMIC_NO_PIC = NO;
				GCC_NO_COMMON_BLOCKS = YES;
				GCC_OPTIMIZATION_LEVEL = 0;
				GCC_PREPROCESSOR_DEFINITIONS = (
					"DEBUG=1",
					"$(inherited)",
				);
				GCC_WARN_64_TO_32_BIT_CONVERSION = YES;
				GCC_WARN_ABOUT_RETURN_TYPE = YES_ERROR;
				GCC_WARN_UNDECLARED_SELECTOR = YES;
				GCC_WARN_UNINITIALIZED_AUTOS = YES_AGGRESSIVE;
				GCC_WARN_UNUSED_FUNCTION = YES;
				GCC_WARN_UNUSED_VARIABLE = YES;
				IPHONEOS_DEPLOYMENT_TARGET = 14.4;
				MTL_ENABLE_DEBUG_INFO = INCLUDE_SOURCE;
				MTL_FAST_MATH = YES;
				ONLY_ACTIVE_ARCH = YES;
				SDKROOT = iphoneos;
				SWIFT_ACTIVE_COMPILATION_CONDITIONS = DEBUG;
				SWIFT_OPTIMIZATION_LEVEL = "-Onone";
			};
			name = Debug;
		};
		7A11F498261ADB84001B78F9 /* Release */ = {
			isa = XCBuildConfiguration;
			buildSettings = {
				ALWAYS_SEARCH_USER_PATHS = NO;
				CLANG_ANALYZER_NONNULL = YES;
				CLANG_ANALYZER_NUMBER_OBJECT_CONVERSION = YES_AGGRESSIVE;
				CLANG_CXX_LANGUAGE_STANDARD = "gnu++14";
				CLANG_CXX_LIBRARY = "libc++";
				CLANG_ENABLE_MODULES = YES;
				CLANG_ENABLE_OBJC_ARC = YES;
				CLANG_ENABLE_OBJC_WEAK = YES;
				CLANG_WARN_BLOCK_CAPTURE_AUTORELEASING = YES;
				CLANG_WARN_BOOL_CONVERSION = YES;
				CLANG_WARN_COMMA = YES;
				CLANG_WARN_CONSTANT_CONVERSION = YES;
				CLANG_WARN_DEPRECATED_OBJC_IMPLEMENTATIONS = YES;
				CLANG_WARN_DIRECT_OBJC_ISA_USAGE = YES_ERROR;
				CLANG_WARN_DOCUMENTATION_COMMENTS = YES;
				CLANG_WARN_EMPTY_BODY = YES;
				CLANG_WARN_ENUM_CONVERSION = YES;
				CLANG_WARN_INFINITE_RECURSION = YES;
				CLANG_WARN_INT_CONVERSION = YES;
				CLANG_WARN_NON_LITERAL_NULL_CONVERSION = YES;
				CLANG_WARN_OBJC_IMPLICIT_RETAIN_SELF = YES;
				CLANG_WARN_OBJC_LITERAL_CONVERSION = YES;
				CLANG_WARN_OBJC_ROOT_CLASS = YES_ERROR;
				CLANG_WARN_QUOTED_INCLUDE_IN_FRAMEWORK_HEADER = YES;
				CLANG_WARN_RANGE_LOOP_ANALYSIS = YES;
				CLANG_WARN_STRICT_PROTOTYPES = YES;
				CLANG_WARN_SUSPICIOUS_MOVE = YES;
				CLANG_WARN_UNGUARDED_AVAILABILITY = YES_AGGRESSIVE;
				CLANG_WARN_UNREACHABLE_CODE = YES;
				CLANG_WARN__DUPLICATE_METHOD_MATCH = YES;
				COPY_PHASE_STRIP = NO;
				DEBUG_INFORMATION_FORMAT = "dwarf-with-dsym";
				ENABLE_NS_ASSERTIONS = NO;
				ENABLE_STRICT_OBJC_MSGSEND = YES;
				GCC_C_LANGUAGE_STANDARD = gnu11;
				GCC_NO_COMMON_BLOCKS = YES;
				GCC_WARN_64_TO_32_BIT_CONVERSION = YES;
				GCC_WARN_ABOUT_RETURN_TYPE = YES_ERROR;
				GCC_WARN_UNDECLARED_SELECTOR = YES;
				GCC_WARN_UNINITIALIZED_AUTOS = YES_AGGRESSIVE;
				GCC_WARN_UNUSED_FUNCTION = YES;
				GCC_WARN_UNUSED_VARIABLE = YES;
				IPHONEOS_DEPLOYMENT_TARGET = 14.4;
				MTL_ENABLE_DEBUG_INFO = NO;
				MTL_FAST_MATH = YES;
				SDKROOT = iphoneos;
				SWIFT_COMPILATION_MODE = wholemodule;
				SWIFT_OPTIMIZATION_LEVEL = "-O";
				VALIDATE_PRODUCT = YES;
			};
			name = Release;
		};
		7A11F49A261ADB84001B78F9 /* Debug */ = {
			isa = XCBuildConfiguration;
			buildSettings = {
				ASSETCATALOG_COMPILER_APPICON_NAME = AppIcon;
				ASSETCATALOG_COMPILER_GLOBAL_ACCENT_COLOR_NAME = AccentColor;
				CODE_SIGN_STYLE = Automatic;
				DEVELOPMENT_ASSET_PATHS = "\"StackExchange/Preview Content\"";
				DEVELOPMENT_TEAM = P527XRABTW;
				ENABLE_PREVIEWS = YES;
				INFOPLIST_FILE = StackExchange/Info.plist;
				LD_RUNPATH_SEARCH_PATHS = (
					"$(inherited)",
					"@executable_path/Frameworks",
				);
				PRODUCT_BUNDLE_IDENTIFIER = jango.StackExchange;
				PRODUCT_NAME = "$(TARGET_NAME)";
				SWIFT_VERSION = 5.0;
				TARGETED_DEVICE_FAMILY = "1,2";
			};
			name = Debug;
		};
		7A11F49B261ADB84001B78F9 /* Release */ = {
			isa = XCBuildConfiguration;
			buildSettings = {
				ASSETCATALOG_COMPILER_APPICON_NAME = AppIcon;
				ASSETCATALOG_COMPILER_GLOBAL_ACCENT_COLOR_NAME = AccentColor;
				CODE_SIGN_STYLE = Automatic;
				DEVELOPMENT_ASSET_PATHS = "\"StackExchange/Preview Content\"";
				DEVELOPMENT_TEAM = P527XRABTW;
				ENABLE_PREVIEWS = YES;
				INFOPLIST_FILE = StackExchange/Info.plist;
				LD_RUNPATH_SEARCH_PATHS = (
					"$(inherited)",
					"@executable_path/Frameworks",
				);
				PRODUCT_BUNDLE_IDENTIFIER = jango.StackExchange;
				PRODUCT_NAME = "$(TARGET_NAME)";
				SWIFT_VERSION = 5.0;
				TARGETED_DEVICE_FAMILY = "1,2";
			};
			name = Release;
		};
/* End XCBuildConfiguration section */

/* Begin XCConfigurationList section */
		7A11F480261ADB83001B78F9 /* Build configuration list for PBXProject "StackExchange" */ = {
			isa = XCConfigurationList;
			buildConfigurations = (
				7A11F497261ADB84001B78F9 /* Debug */,
				7A11F498261ADB84001B78F9 /* Release */,
			);
			defaultConfigurationIsVisible = 0;
			defaultConfigurationName = Release;
		};
		7A11F499261ADB84001B78F9 /* Build configuration list for PBXNativeTarget "StackExchange" */ = {
			isa = XCConfigurationList;
			buildConfigurations = (
				7A11F49A261ADB84001B78F9 /* Debug */,
				7A11F49B261ADB84001B78F9 /* Release */,
			);
			defaultConfigurationIsVisible = 0;
			defaultConfigurationName = Release;
		};
/* End XCConfigurationList section */
	};
	rootObject = 7A11F47D261ADB83001B78F9 /* Project object */;
}
